Microsoft Visual Studio Solution File, Format Version 12.00
# Visual Studio Version 17
VisualStudioVersion = 17.5.2.0
MinimumVisualStudioVersion = 10.0.40219.1
Project("{FAE04EC0-301F-11D3-BF4B-00C04F79EFBC}") = "TruxScrapper", "TruxScrapper.csproj", "{D60B6C69-4212-B246-182A-B94E6492B946}"
EndProject
Global
	GlobalSection(SolutionConfigurationPlatforms) = preSolution
		Debug|Any CPU = Debug|Any CPU
		Release|Any CPU = Release|Any CPU
	EndGlobalSection
	GlobalSection(ProjectConfigurationPlatforms) = postSolution
		{D60B6C69-4212-B246-182A-B94E6492B946}.Debug|Any CPU.ActiveCfg = Debug|Any CPU
		{D60B6C69-4212-B246-182A-B94E6492B946}.Debug|Any CPU.Build.0 = Debug|Any CPU
		{D60B6C69-4212-B246-182A-B94E6492B946}.Release|Any CPU.ActiveCfg = Release|Any CPU
		{D60B6C69-4212-B246-182A-B94E6492B946}.Release|Any CPU.Build.0 = Release|Any CPU
	EndGlobalSection
	GlobalSection(SolutionProperties) = preSolution
		HideSolutionNode = FALSE
	EndGlobalSection
	GlobalSection(ExtensibilityGlobals) = postSolution
		SolutionGuid = {601B488C-D915-4F84-B4E4-B13BEE88DB40}
	EndGlobalSection
EndGlobal
